{
  "version": 4,
  "terraform_version": "1.9.5",
  "serial": 27,
  "lineage": "8c62155f-6260-24d5-cc32-636b4ba9f931",
  "outputs": {},
  "resources": [
    {
      "mode": "managed",
      "type": "spotify_playlist",
      "name": "Kaavish",
      "provider": "provider[\"registry.terraform.io/conradludgate/spotify\"]",
      "instances": [
        {
          "status": "tainted",
          "schema_version": 0,
          "attributes": {
            "description": null,
            "id": "6G03fm8JYsHc5mQKvcjVyG",
            "name": "Kaavish is Love",
            "public": true,
            "snapshot_id": null,
            "tracks": [
              "2lp1Tsn8H6mq0bzXgOeLHY",
              "6YNl1rXbhKvmbMrw9cp3RQ",
              "2RV4QunRX0CTs2JR1uUbMj "
            ]
          },
          "sensitive_attributes": [],
          "private": "bnVsbA=="
        }
      ]
    }
  ],
  "check_results": null
}
